
Microsoft Visual Studio Solution File, Format Version 12.00
# Visual Studio Version 17
VisualStudioVersion = 17.6.33829.357
MinimumVisualStudioVersion = 10.0.40219.1
Project("{9A19103F-16F7-4668-BE54-9A1E7A4F7556}") = "hw2", "hw1\hw2.csproj", "{564311B7-2640-49C1-9711-82023DD03D8A}"
EndProject
Project("{9A19103F-16F7-4668-BE54-9A1E7A4F7556}") = "hw3", "hw2\hw3.csproj", "{E032DC1F-66FF-4A75-B319-8260390E6619}"
EndProject
Project("{9A19103F-16F7-4668-BE54-9A1E7A4F7556}") = "hw5", "hw3\hw5.csproj", "{4164761D-6509-485E-BC8B-20B3FAE9C811}"
EndProject
Global
	GlobalSection(SolutionConfigurationPlatforms) = preSolution
		Debug|Any CPU = Debug|Any CPU
		Release|Any CPU = Release|Any CPU
	EndGlobalSection
	GlobalSection(ProjectConfigurationPlatforms) = postSolution
		{564311B7-2640-49C1-9711-82023DD03D8A}.Debug|Any CPU.ActiveCfg = Debug|Any CPU
		{564311B7-2640-49C1-9711-82023DD03D8A}.Debug|Any CPU.Build.0 = Debug|Any CPU
		{564311B7-2640-49C1-9711-82023DD03D8A}.Release|Any CPU.ActiveCfg = Release|Any CPU
		{564311B7-2640-49C1-9711-82023DD03D8A}.Release|Any CPU.Build.0 = Release|Any CPU
		{E032DC1F-66FF-4A75-B319-8260390E6619}.Debug|Any CPU.ActiveCfg = Debug|Any CPU
		{E032DC1F-66FF-4A75-B319-8260390E6619}.Debug|Any CPU.Build.0 = Debug|Any CPU
		{E032DC1F-66FF-4A75-B319-8260390E6619}.Release|Any CPU.ActiveCfg = Release|Any CPU
		{E032DC1F-66FF-4A75-B319-8260390E6619}.Release|Any CPU.Build.0 = Release|Any CPU
		{4164761D-6509-485E-BC8B-20B3FAE9C811}.Debug|Any CPU.ActiveCfg = Debug|Any CPU
		{4164761D-6509-485E-BC8B-20B3FAE9C811}.Debug|Any CPU.Build.0 = Debug|Any CPU
		{4164761D-6509-485E-BC8B-20B3FAE9C811}.Release|Any CPU.ActiveCfg = Release|Any CPU
		{4164761D-6509-485E-BC8B-20B3FAE9C811}.Release|Any CPU.Build.0 = Release|Any CPU
	EndGlobalSection
	GlobalSection(SolutionProperties) = preSolution
		HideSolutionNode = FALSE
	EndGlobalSection
	GlobalSection(ExtensibilityGlobals) = postSolution
		SolutionGuid = {B74EDB4C-15B7-4F19-AA3A-64274F86FF46}
	EndGlobalSection
EndGlobal
